// !$*UTF8*$!
{
	archiveVersion = 1;
	classes = {
	};
	objectVersion = 56;
	objects = {

/* Begin PBXBuildFile section */
		8482A914297564E300D89265 /* AppDelegate.swift in Sources */ = {isa = PBXBuildFile; fileRef = 8482A913297564E300D89265 /* AppDelegate.swift */; };
		8482A916297564E300D89265 /* SceneDelegate.swift in Sources */ = {isa = PBXBuildFile; fileRef = 8482A915297564E300D89265 /* SceneDelegate.swift */; };
		8482A918297564E300D89265 /* HomeVC.swift in Sources */ = {isa = PBXBuildFile; fileRef = 8482A917297564E300D89265 /* HomeVC.swift */; };
		8482A91B297564E300D89265 /* Main.storyboard in Resources */ = {isa = PBXBuildFile; fileRef = 8482A919297564E300D89265 /* Main.storyboard */; };
		8482A91E297564E300D89265 /* NewsApp.xcdatamodeld in Sources */ = {isa = PBXBuildFile; fileRef = 8482A91C297564E300D89265 /* NewsApp.xcdatamodeld */; };
		8482A920297564E500D89265 /* Assets.xcassets in Resources */ = {isa = PBXBuildFile; fileRef = 8482A91F297564E500D89265 /* Assets.xcassets */; };
		8482A923297564E500D89265 /* LaunchScreen.storyboard in Resources */ = {isa = PBXBuildFile; fileRef = 8482A921297564E500D89265 /* LaunchScreen.storyboard */; };
		8482A93129757DB400D89265 /* customCVC.swift in Sources */ = {isa = PBXBuildFile; fileRef = 8482A93029757DB400D89265 /* customCVC.swift */; };
		8482A93329757E5F00D89265 /* Constants.swift in Sources */ = {isa = PBXBuildFile; fileRef = 8482A93229757E5F00D89265 /* Constants.swift */; };
		8482A9362975815200D89265 /* CatModel.swift in Sources */ = {isa = PBXBuildFile; fileRef = 8482A9352975815200D89265 /* CatModel.swift */; };
		8482A93929758A7800D89265 /* customTVC.swift in Sources */ = {isa = PBXBuildFile; fileRef = 8482A93829758A7800D89265 /* customTVC.swift */; };
		8482A93B29758D0B00D89265 /* ApiCaller.swift in Sources */ = {isa = PBXBuildFile; fileRef = 8482A93A29758D0B00D89265 /* ApiCaller.swift */; };
		8482A93E29758D7400D89265 /* NewsModel.swift in Sources */ = {isa = PBXBuildFile; fileRef = 8482A93D29758D7400D89265 /* NewsModel.swift */; };
		8482A940297650E500D89265 /* DetailsVC.swift in Sources */ = {isa = PBXBuildFile; fileRef = 8482A93F297650E500D89265 /* DetailsVC.swift */; };
		8482A9422976618F00D89265 /* WebKitVC.swift in Sources */ = {isa = PBXBuildFile; fileRef = 8482A9412976618F00D89265 /* WebKitVC.swift */; };
		8482A94929766A0500D89265 /* CoreDataManager.swift in Sources */ = {isa = PBXBuildFile; fileRef = 8482A94829766A0500D89265 /* CoreDataManager.swift */; };
		8482A94B29766B1700D89265 /* NewsesMODEL.swift in Sources */ = {isa = PBXBuildFile; fileRef = 8482A94A29766B1700D89265 /* NewsesMODEL.swift */; };
		8482A94D2976E59C00D89265 /* BookmarkVC.swift in Sources */ = {isa = PBXBuildFile; fileRef = 8482A94C2976E59C00D89265 /* BookmarkVC.swift */; };
		8482A94F2976E5FC00D89265 /* bookmarkTVC.swift in Sources */ = {isa = PBXBuildFile; fileRef = 8482A94E2976E5FC00D89265 /* bookmarkTVC.swift */; };
		8482A95229778AE100D89265 /* BookmarkTable+CoreDataClass.swift in Sources */ = {isa = PBXBuildFile; fileRef = 8482A95029778AE100D89265 /* BookmarkTable+CoreDataClass.swift */; };
		8482A95329778AE100D89265 /* BookmarkTable+CoreDataProperties.swift in Sources */ = {isa = PBXBuildFile; fileRef = 8482A95129778AE100D89265 /* BookmarkTable+CoreDataProperties.swift */; };
		8482A9562977A7BA00D89265 /* NewsTable+CoreDataClass.swift in Sources */ = {isa = PBXBuildFile; fileRef = 8482A9542977A7BA00D89265 /* NewsTable+CoreDataClass.swift */; };
		8482A9572977A7BA00D89265 /* NewsTable+CoreDataProperties.swift in Sources */ = {isa = PBXBuildFile; fileRef = 8482A9552977A7BA00D89265 /* NewsTable+CoreDataProperties.swift */; };
		87C4CF1D469E018F83E694E0 /* Pods_NewsApp.framework in Frameworks */ = {isa = PBXBuildFile; fileRef = 9EC283110D141CFDCDFAD617 /* Pods_NewsApp.framework */; };
/* End PBXBuildFile section */

/* Begin PBXFileReference section */
		1FE4B4C8F02581DCDC3389FA /* Pods-NewsApp.release.xcconfig */ = {isa = PBXFileReference; includeInIndex = 1; lastKnownFileType = text.xcconfig; name = "Pods-NewsApp.release.xcconfig"; path = "Target Support Files/Pods-NewsApp/Pods-NewsApp.release.xcconfig"; sourceTree = "<group>"; };
		758675AA3A9D84FC5DD709FF /* Pods-NewsApp.debug.xcconfig */ = {isa = PBXFileReference; includeInIndex = 1; lastKnownFileType = text.xcconfig; name = "Pods-NewsApp.debug.xcconfig"; path = "Target Support Files/Pods-NewsApp/Pods-NewsApp.debug.xcconfig"; sourceTree = "<group>"; };
		8482A910297564E300D89265 /* NewsApp.app */ = {isa = PBXFileReference; explicitFileType = wrapper.application; includeInIndex = 0; path = NewsApp.app; sourceTree = BUILT_PRODUCTS_DIR; };
		8482A913297564E300D89265 /* AppDelegate.swift */ = {isa = PBXFileReference; lastKnownFileType = sourcecode.swift; path = AppDelegate.swift; sourceTree = "<group>"; };
		8482A915297564E300D89265 /* SceneDelegate.swift */ = {isa = PBXFileReference; lastKnownFileType = sourcecode.swift; path = SceneDelegate.swift; sourceTree = "<group>"; };
		8482A917297564E300D89265 /* HomeVC.swift */ = {isa = PBXFileReference; lastKnownFileType = sourcecode.swift; path = HomeVC.swift; sourceTree = "<group>"; };
		8482A91A297564E300D89265 /* Base */ = {isa = PBXFileReference; lastKnownFileType = file.storyboard; name = Base; path = Base.lproj/Main.storyboard; sourceTree = "<group>"; };
		8482A91D297564E300D89265 /* NewsApp.xcdatamodel */ = {isa = PBXFileReference; lastKnownFileType = wrapper.xcdatamodel; path = NewsApp.xcdatamodel; sourceTree = "<group>"; };
		8482A91F297564E500D89265 /* Assets.xcassets */ = {isa = PBXFileReference; lastKnownFileType = folder.assetcatalog; path = Assets.xcassets; sourceTree = "<group>"; };
		8482A922297564E500D89265 /* Base */ = {isa = PBXFileReference; lastKnownFileType = file.storyboard; name = Base; path = Base.lproj/LaunchScreen.storyboard; sourceTree = "<group>"; };
		8482A924297564E500D89265 /* Info.plist */ = {isa = PBXFileReference; lastKnownFileType = text.plist.xml; path = Info.plist; sourceTree = "<group>"; };
		8482A93029757DB400D89265 /* customCVC.swift */ = {isa = PBXFileReference; lastKnownFileType = sourcecode.swift; path = customCVC.swift; sourceTree = "<group>"; };
		8482A93229757E5F00D89265 /* Constants.swift */ = {isa = PBXFileReference; lastKnownFileType = sourcecode.swift; path = Constants.swift; sourceTree = "<group>"; };
		8482A9352975815200D89265 /* CatModel.swift */ = {isa = PBXFileReference; lastKnownFileType = sourcecode.swift; path = CatModel.swift; sourceTree = "<group>"; };
		8482A93829758A7800D89265 /* customTVC.swift */ = {isa = PBXFileReference; lastKnownFileType = sourcecode.swift; path = customTVC.swift; sourceTree = "<group>"; };
		8482A93A29758D0B00D89265 /* ApiCaller.swift */ = {isa = PBXFileReference; lastKnownFileType = sourcecode.swift; path = ApiCaller.swift; sourceTree = "<group>"; };
		8482A93D29758D7400D89265 /* NewsModel.swift */ = {isa = PBXFileReference; lastKnownFileType = sourcecode.swift; path = NewsModel.swift; sourceTree = "<group>"; };
		8482A93F297650E500D89265 /* DetailsVC.swift */ = {isa = PBXFileReference; lastKnownFileType = sourcecode.swift; path = DetailsVC.swift; sourceTree = "<group>"; };
		8482A9412976618F00D89265 /* WebKitVC.swift */ = {isa = PBXFileReference; lastKnownFileType = sourcecode.swift; path = WebKitVC.swift; sourceTree = "<group>"; };
		8482A94829766A0500D89265 /* CoreDataManager.swift */ = {isa = PBXFileReference; lastKnownFileType = sourcecode.swift; path = CoreDataManager.swift; sourceTree = "<group>"; };
		8482A94A29766B1700D89265 /* NewsesMODEL.swift */ = {isa = PBXFileReference; lastKnownFileType = sourcecode.swift; path = NewsesMODEL.swift; sourceTree = "<group>"; };
		8482A94C2976E59C00D89265 /* BookmarkVC.swift */ = {isa = PBXFileReference; lastKnownFileType = sourcecode.swift; path = BookmarkVC.swift; sourceTree = "<group>"; };
		8482A94E2976E5FC00D89265 /* bookmarkTVC.swift */ = {isa = PBXFileReference; lastKnownFileType = sourcecode.swift; path = bookmarkTVC.swift; sourceTree = "<group>"; };
		8482A95029778AE100D89265 /* BookmarkTable+CoreDataClass.swift */ = {isa = PBXFileReference; lastKnownFileType = sourcecode.swift; path = "BookmarkTable+CoreDataClass.swift"; sourceTree = "<group>"; };
		8482A95129778AE100D89265 /* BookmarkTable+CoreDataProperties.swift */ = {isa = PBXFileReference; lastKnownFileType = sourcecode.swift; path = "BookmarkTable+CoreDataProperties.swift"; sourceTree = "<group>"; };
		8482A9542977A7BA00D89265 /* NewsTable+CoreDataClass.swift */ = {isa = PBXFileReference; lastKnownFileType = sourcecode.swift; path = "NewsTable+CoreDataClass.swift"; sourceTree = "<group>"; };
		8482A9552977A7BA00D89265 /* NewsTable+CoreDataProperties.swift */ = {isa = PBXFileReference; lastKnownFileType = sourcecode.swift; path = "NewsTable+CoreDataProperties.swift"; sourceTree = "<group>"; };
		9EC283110D141CFDCDFAD617 /* Pods_NewsApp.framework */ = {isa = PBXFileReference; explicitFileType = wrapper.framework; includeInIndex = 0; path = Pods_NewsApp.framework; sourceTree = BUILT_PRODUCTS_DIR; };
/* End PBXFileReference section */

/* Begin PBXFrameworksBuildPhase section */
		8482A90D297564E300D89265 /* Frameworks */ = {
			isa = PBXFrameworksBuildPhase;
			buildActionMask = 2147483647;
			files = (
				87C4CF1D469E018F83E694E0 /* Pods_NewsApp.framework in Frameworks */,
			);
			runOnlyForDeploymentPostprocessing = 0;
		};
/* End PBXFrameworksBuildPhase section */

/* Begin PBXGroup section */
		6C2FB6717F1F1BF5129290B1 /* Pods */ = {
			isa = PBXGroup;
			children = (
				758675AA3A9D84FC5DD709FF /* Pods-NewsApp.debug.xcconfig */,
				1FE4B4C8F02581DCDC3389FA /* Pods-NewsApp.release.xcconfig */,
			);
			path = Pods;
			sourceTree = "<group>";
		};
		709E57E3CEE599BCD0F55D2A /* Frameworks */ = {
			isa = PBXGroup;
			children = (
				9EC283110D141CFDCDFAD617 /* Pods_NewsApp.framework */,
			);
			name = Frameworks;
			sourceTree = "<group>";
		};
		8482A907297564E300D89265 = {
			isa = PBXGroup;
			children = (
				8482A912297564E300D89265 /* NewsApp */,
				8482A911297564E300D89265 /* Products */,
				6C2FB6717F1F1BF5129290B1 /* Pods */,
				709E57E3CEE599BCD0F55D2A /* Frameworks */,
			);
			sourceTree = "<group>";
		};
		8482A911297564E300D89265 /* Products */ = {
			isa = PBXGroup;
			children = (
				8482A910297564E300D89265 /* NewsApp.app */,
			);
			name = Products;
			sourceTree = "<group>";
		};
		8482A912297564E300D89265 /* NewsApp */ = {
			isa = PBXGroup;
			children = (
				8482A947297668DD00D89265 /* CoreData */,
				8482A92C2975685700D89265 /* Delegate */,
				8482A93429757E6400D89265 /* Constants */,
				8482A9372975815700D89265 /* Models */,
				8482A93C29758D1D00D89265 /* Helper Class */,
				8482A92B2975684700D89265 /* ViewController */,
				8482A92A297567A500D89265 /* Storyboard */,
				8482A92D2975686700D89265 /* Assets */,
				8482A924297564E500D89265 /* Info.plist */,
				8482A91C297564E300D89265 /* NewsApp.xcdatamodeld */,
			);
			path = NewsApp;
			sourceTree = "<group>";
		};
		8482A92A297567A500D89265 /* Storyboard */ = {
			isa = PBXGroup;
			children = (
				8482A919297564E300D89265 /* Main.storyboard */,
				8482A921297564E500D89265 /* LaunchScreen.storyboard */,
			);
			path = Storyboard;
			sourceTree = "<group>";
		};
		8482A92B2975684700D89265 /* ViewController */ = {
			isa = PBXGroup;
			children = (
				8482A917297564E300D89265 /* HomeVC.swift */,
				8482A93029757DB400D89265 /* customCVC.swift */,
				8482A93829758A7800D89265 /* customTVC.swift */,
				8482A93F297650E500D89265 /* DetailsVC.swift */,
				8482A94C2976E59C00D89265 /* BookmarkVC.swift */,
				8482A94E2976E5FC00D89265 /* bookmarkTVC.swift */,
			);
			path = ViewController;
			sourceTree = "<group>";
		};
		8482A92C2975685700D89265 /* Delegate */ = {
			isa = PBXGroup;
			children = (
				8482A913297564E300D89265 /* AppDelegate.swift */,
				8482A915297564E300D89265 /* SceneDelegate.swift */,
			);
			path = Delegate;
			sourceTree = "<group>";
		};
		8482A92D2975686700D89265 /* Assets */ = {
			isa = PBXGroup;
			children = (
				8482A91F297564E500D89265 /* Assets.xcassets */,
			);
			path = Assets;
			sourceTree = "<group>";
		};
		8482A93429757E6400D89265 /* Constants */ = {
			isa = PBXGroup;
			children = (
				8482A93229757E5F00D89265 /* Constants.swift */,
			);
			path = Constants;
			sourceTree = "<group>";
		};
		8482A9372975815700D89265 /* Models */ = {
			isa = PBXGroup;
			children = (
				8482A9352975815200D89265 /* CatModel.swift */,
				8482A93D29758D7400D89265 /* NewsModel.swift */,
				8482A94A29766B1700D89265 /* NewsesMODEL.swift */,
			);
			path = Models;
			sourceTree = "<group>";
		};
		8482A93C29758D1D00D89265 /* Helper Class */ = {
			isa = PBXGroup;
			children = (
				8482A93A29758D0B00D89265 /* ApiCaller.swift */,
				8482A9412976618F00D89265 /* WebKitVC.swift */,
			);
			path = "Helper Class";
			sourceTree = "<group>";
		};
		8482A947297668DD00D89265 /* CoreData */ = {
			isa = PBXGroup;
			children = (
				8482A9542977A7BA00D89265 /* NewsTable+CoreDataClass.swift */,
				8482A9552977A7BA00D89265 /* NewsTable+CoreDataProperties.swift */,
				8482A95029778AE100D89265 /* BookmarkTable+CoreDataClass.swift */,
				8482A95129778AE100D89265 /* BookmarkTable+CoreDataProperties.swift */,
				8482A94829766A0500D89265 /* CoreDataManager.swift */,
			);
			path = CoreData;
			sourceTree = "<group>";
		};
/* End PBXGroup section */

/* Begin PBXNativeTarget section */
		8482A90F297564E300D89265 /* NewsApp */ = {
			isa = PBXNativeTarget;
			buildConfigurationList = 8482A927297564E500D89265 /* Build configuration list for PBXNativeTarget "NewsApp" */;
			buildPhases = (
				86DCC2DA7A31973F5FB13D03 /* [CP] Check Pods Manifest.lock */,
				8482A90C297564E300D89265 /* Sources */,
				8482A90D297564E300D89265 /* Frameworks */,
				8482A90E297564E300D89265 /* Resources */,
				8F660A66AF96DF01E7BEAE86 /* [CP] Embed Pods Frameworks */,
			);
			buildRules = (
			);
			dependencies = (
			);
			name = NewsApp;
			productName = NewsApp;
			productReference = 8482A910297564E300D89265 /* NewsApp.app */;
			productType = "com.apple.product-type.application";
		};
/* End PBXNativeTarget section */

/* Begin PBXProject section */
		8482A908297564E300D89265 /* Project object */ = {
			isa = PBXProject;
			attributes = {
				BuildIndependentTargetsInParallel = 1;
				LastSwiftUpdateCheck = 1420;
				LastUpgradeCheck = 1420;
				TargetAttributes = {
					8482A90F297564E300D89265 = {
						CreatedOnToolsVersion = 14.2;
					};
				};
			};
			buildConfigurationList = 8482A90B297564E300D89265 /* Build configuration list for PBXProject "NewsApp" */;
			compatibilityVersion = "Xcode 14.0";
			developmentRegion = en;
			hasScannedForEncodings = 0;
			knownRegions = (
				en,
				Base,
			);
			mainGroup = 8482A907297564E300D89265;
			productRefGroup = 8482A911297564E300D89265 /* Products */;
			projectDirPath = "";
			projectRoot = "";
			targets = (
				8482A90F297564E300D89265 /* NewsApp */,
			);
		};
/* End PBXProject section */

/* Begin PBXResourcesBuildPhase section */
		8482A90E297564E300D89265 /* Resources */ = {
			isa = PBXResourcesBuildPhase;
			buildActionMask = 2147483647;
			files = (
				8482A923297564E500D89265 /* LaunchScreen.storyboard in Resources */,
				8482A920297564E500D89265 /* Assets.xcassets in Resources */,
				8482A91B297564E300D89265 /* Main.storyboard in Resources */,
			);
			runOnlyForDeploymentPostprocessing = 0;
		};
/* End PBXResourcesBuildPhase section */

/* Begin PBXShellScriptBuildPhase section */
		86DCC2DA7A31973F5FB13D03 /* [CP] Check Pods Manifest.lock */ = {
			isa = PBXShellScriptBuildPhase;
			buildActionMask = 2147483647;
			files = (
			);
			inputFileListPaths = (
			);
			inputPaths = (
				"${PODS_PODFILE_DIR_PATH}/Podfile.lock",
				"${PODS_ROOT}/Manifest.lock",
			);
			name = "[CP] Check Pods Manifest.lock";
			outputFileListPaths = (
			);
			outputPaths = (
				"$(DERIVED_FILE_DIR)/Pods-NewsApp-checkManifestLockResult.txt",
			);
			runOnlyForDeploymentPostprocessing = 0;
			shellPath = /bin/sh;
			shellScript = "diff \"${PODS_PODFILE_DIR_PATH}/Podfile.lock\" \"${PODS_ROOT}/Manifest.lock\" > /dev/null\nif [ $? != 0 ] ; then\n    # print error to STDERR\n    echo \"error: The sandbox is not in sync with the Podfile.lock. Run 'pod install' or update your CocoaPods installation.\" >&2\n    exit 1\nfi\n# This output is used by Xcode 'outputs' to avoid re-running this script phase.\necho \"SUCCESS\" > \"${SCRIPT_OUTPUT_FILE_0}\"\n";
			showEnvVarsInLog = 0;
		};
		8F660A66AF96DF01E7BEAE86 /* [CP] Embed Pods Frameworks */ = {
			isa = PBXShellScriptBuildPhase;
			buildActionMask = 2147483647;
			files = (
			);
			inputFileListPaths = (
				"${PODS_ROOT}/Target Support Files/Pods-NewsApp/Pods-NewsApp-frameworks-${CONFIGURATION}-input-files.xcfilelist",
			);
			name = "[CP] Embed Pods Frameworks";
			outputFileListPaths = (
				"${PODS_ROOT}/Target Support Files/Pods-NewsApp/Pods-NewsApp-frameworks-${CONFIGURATION}-output-files.xcfilelist",
			);
			runOnlyForDeploymentPostprocessing = 0;
			shellPath = /bin/sh;
			shellScript = "\"${PODS_ROOT}/Target Support Files/Pods-NewsApp/Pods-NewsApp-frameworks.sh\"\n";
			showEnvVarsInLog = 0;
		};
/* End PBXShellScriptBuildPhase section */

/* Begin PBXSourcesBuildPhase section */
		8482A90C297564E300D89265 /* Sources */ = {
			isa = PBXSourcesBuildPhase;
			buildActionMask = 2147483647;
			files = (
				8482A918297564E300D89265 /* HomeVC.swift in Sources */,
				8482A93129757DB400D89265 /* customCVC.swift in Sources */,
				8482A94B29766B1700D89265 /* NewsesMODEL.swift in Sources */,
				8482A9562977A7BA00D89265 /* NewsTable+CoreDataClass.swift in Sources */,
				8482A93929758A7800D89265 /* customTVC.swift in Sources */,
				8482A94929766A0500D89265 /* CoreDataManager.swift in Sources */,
				8482A914297564E300D89265 /* AppDelegate.swift in Sources */,
				8482A93E29758D7400D89265 /* NewsModel.swift in Sources */,
				8482A94D2976E59C00D89265 /* BookmarkVC.swift in Sources */,
				8482A9572977A7BA00D89265 /* NewsTable+CoreDataProperties.swift in Sources */,
				8482A91E297564E300D89265 /* NewsApp.xcdatamodeld in Sources */,
				8482A916297564E300D89265 /* SceneDelegate.swift in Sources */,
				8482A93329757E5F00D89265 /* Constants.swift in Sources */,
				8482A9422976618F00D89265 /* WebKitVC.swift in Sources */,
				8482A95229778AE100D89265 /* BookmarkTable+CoreDataClass.swift in Sources */,
				8482A95329778AE100D89265 /* BookmarkTable+CoreDataProperties.swift in Sources */,
				8482A94F2976E5FC00D89265 /* bookmarkTVC.swift in Sources */,
				8482A93B29758D0B00D89265 /* ApiCaller.swift in Sources */,
				8482A9362975815200D89265 /* CatModel.swift in Sources */,
				8482A940297650E500D89265 /* DetailsVC.swift in Sources */,
			);
			runOnlyForDeploymentPostprocessing = 0;
		};
/* End PBXSourcesBuildPhase section */

/* Begin PBXVariantGroup section */
		8482A919297564E300D89265 /* Main.storyboard */ = {
			isa = PBXVariantGroup;
			children = (
				8482A91A297564E300D89265 /* Base */,
			);
			name = Main.storyboard;
			sourceTree = "<group>";
		};
		8482A921297564E500D89265 /* LaunchScreen.storyboard */ = {
			isa = PBXVariantGroup;
			children = (
				8482A922297564E500D89265 /* Base */,
			);
			name = LaunchScreen.storyboard;
			sourceTree = "<group>";
		};
/* End PBXVariantGroup section */

/* Begin XCBuildConfiguration section */
		8482A925297564E500D89265 /* Debug */ = {
			isa = XCBuildConfiguration;
			buildSettings = {
				ALWAYS_SEARCH_USER_PATHS = NO;
				CLANG_ANALYZER_NONNULL = YES;
				CLANG_ANALYZER_NUMBER_OBJECT_CONVERSION = YES_AGGRESSIVE;
				CLANG_CXX_LANGUAGE_STANDARD = "gnu++20";
				CLANG_ENABLE_MODULES = YES;
				CLANG_ENABLE_OBJC_ARC = YES;
				CLANG_ENABLE_OBJC_WEAK = YES;
				CLANG_WARN_BLOCK_CAPTURE_AUTORELEASING = YES;
				CLANG_WARN_BOOL_CONVERSION = YES;
				CLANG_WARN_COMMA = YES;
				CLANG_WARN_CONSTANT_CONVERSION = YES;
				CLANG_WARN_DEPRECATED_OBJC_IMPLEMENTATIONS = YES;
				CLANG_WARN_DIRECT_OBJC_ISA_USAGE = YES_ERROR;
				CLANG_WARN_DOCUMENTATION_COMMENTS = YES;
				CLANG_WARN_EMPTY_BODY = YES;
				CLANG_WARN_ENUM_CONVERSION = YES;
				CLANG_WARN_INFINITE_RECURSION = YES;
				CLANG_WARN_INT_CONVERSION = YES;
				CLANG_WARN_NON_LITERAL_NULL_CONVERSION = YES;
				CLANG_WARN_OBJC_IMPLICIT_RETAIN_SELF = YES;
				CLANG_WARN_OBJC_LITERAL_CONVERSION = YES;
				CLANG_WARN_OBJC_ROOT_CLASS = YES_ERROR;
				CLANG_WARN_QUOTED_INCLUDE_IN_FRAMEWORK_HEADER = YES;
				CLANG_WARN_RANGE_LOOP_ANALYSIS = YES;
				CLANG_WARN_STRICT_PROTOTYPES = YES;
				CLANG_WARN_SUSPICIOUS_MOVE = YES;
				CLANG_WARN_UNGUARDED_AVAILABILITY = YES_AGGRESSIVE;
				CLANG_WARN_UNREACHABLE_CODE = YES;
				CLANG_WARN__DUPLICATE_METHOD_MATCH = YES;
				COPY_PHASE_STRIP = NO;
				DEBUG_INFORMATION_FORMAT = dwarf;
				ENABLE_STRICT_OBJC_MSGSEND = YES;
				ENABLE_TESTABILITY = YES;
				GCC_C_LANGUAGE_STANDARD = gnu11;
				GCC_DYNAMIC_NO_PIC = NO;
				GCC_NO_COMMON_BLOCKS = YES;
				GCC_OPTIMIZATION_LEVEL = 0;
				GCC_PREPROCESSOR_DEFINITIONS = (
					"DEBUG=1",
					"$(inherited)",
				);
				GCC_WARN_64_TO_32_BIT_CONVERSION = YES;
				GCC_WARN_ABOUT_RETURN_TYPE = YES_ERROR;
				GCC_WARN_UNDECLARED_SELECTOR = YES;
				GCC_WARN_UNINITIALIZED_AUTOS = YES_AGGRESSIVE;
				GCC_WARN_UNUSED_FUNCTION = YES;
				GCC_WARN_UNUSED_VARIABLE = YES;
				IPHONEOS_DEPLOYMENT_TARGET = 16.2;
				MTL_ENABLE_DEBUG_INFO = INCLUDE_SOURCE;
				MTL_FAST_MATH = YES;
				ONLY_ACTIVE_ARCH = YES;
				SDKROOT = iphoneos;
				SWIFT_ACTIVE_COMPILATION_CONDITIONS = DEBUG;
				SWIFT_OPTIMIZATION_LEVEL = "-Onone";
			};
			name = Debug;
		};
		8482A926297564E500D89265 /* Release */ = {
			isa = XCBuildConfiguration;
			buildSettings = {
				ALWAYS_SEARCH_USER_PATHS = NO;
				CLANG_ANALYZER_NONNULL = YES;
				CLANG_ANALYZER_NUMBER_OBJECT_CONVERSION = YES_AGGRESSIVE;
				CLANG_CXX_LANGUAGE_STANDARD = "gnu++20";
				CLANG_ENABLE_MODULES = YES;
				CLANG_ENABLE_OBJC_ARC = YES;
				CLANG_ENABLE_OBJC_WEAK = YES;
				CLANG_WARN_BLOCK_CAPTURE_AUTORELEASING = YES;
				CLANG_WARN_BOOL_CONVERSION = YES;
				CLANG_WARN_COMMA = YES;
				CLANG_WARN_CONSTANT_CONVERSION = YES;
				CLANG_WARN_DEPRECATED_OBJC_IMPLEMENTATIONS = YES;
				CLANG_WARN_DIRECT_OBJC_ISA_USAGE = YES_ERROR;
				CLANG_WARN_DOCUMENTATION_COMMENTS = YES;
				CLANG_WARN_EMPTY_BODY = YES;
				CLANG_WARN_ENUM_CONVERSION = YES;
				CLANG_WARN_INFINITE_RECURSION = YES;
				CLANG_WARN_INT_CONVERSION = YES;
				CLANG_WARN_NON_LITERAL_NULL_CONVERSION = YES;
				CLANG_WARN_OBJC_IMPLICIT_RETAIN_SELF = YES;
				CLANG_WARN_OBJC_LITERAL_CONVERSION = YES;
				CLANG_WARN_OBJC_ROOT_CLASS = YES_ERROR;
				CLANG_WARN_QUOTED_INCLUDE_IN_FRAMEWORK_HEADER = YES;
				CLANG_WARN_RANGE_LOOP_ANALYSIS = YES;
				CLANG_WARN_STRICT_PROTOTYPES = YES;
				CLANG_WARN_SUSPICIOUS_MOVE = YES;
				CLANG_WARN_UNGUARDED_AVAILABILITY = YES_AGGRESSIVE;
				CLANG_WARN_UNREACHABLE_CODE = YES;
				CLANG_WARN__DUPLICATE_METHOD_MATCH = YES;
				COPY_PHASE_STRIP = NO;
				DEBUG_INFORMATION_FORMAT = "dwarf-with-dsym";
				ENABLE_NS_ASSERTIONS = NO;
				ENABLE_STRICT_OBJC_MSGSEND = YES;
				GCC_C_LANGUAGE_STANDARD = gnu11;
				GCC_NO_COMMON_BLOCKS = YES;
				GCC_WARN_64_TO_32_BIT_CONVERSION = YES;
				GCC_WARN_ABOUT_RETURN_TYPE = YES_ERROR;
				GCC_WARN_UNDECLARED_SELECTOR = YES;
				GCC_WARN_UNINITIALIZED_AUTOS = YES_AGGRESSIVE;
				GCC_WARN_UNUSED_FUNCTION = YES;
				GCC_WARN_UNUSED_VARIABLE = YES;
				IPHONEOS_DEPLOYMENT_TARGET = 16.2;
				MTL_ENABLE_DEBUG_INFO = NO;
				MTL_FAST_MATH = YES;
				SDKROOT = iphoneos;
				SWIFT_COMPILATION_MODE = wholemodule;
				SWIFT_OPTIMIZATION_LEVEL = "-O";
				VALIDATE_PRODUCT = YES;
			};
			name = Release;
		};
		8482A928297564E500D89265 /* Debug */ = {
			isa = XCBuildConfiguration;
			baseConfigurationReference = 758675AA3A9D84FC5DD709FF /* Pods-NewsApp.debug.xcconfig */;
			buildSettings = {
				ASSETCATALOG_COMPILER_APPICON_NAME = AppIcon;
				ASSETCATALOG_COMPILER_GLOBAL_ACCENT_COLOR_NAME = AccentColor;
				CODE_SIGN_STYLE = Automatic;
				CURRENT_PROJECT_VERSION = 1;
				GENERATE_INFOPLIST_FILE = YES;
				INFOPLIST_FILE = NewsApp/Info.plist;
				INFOPLIST_KEY_UIApplicationSupportsIndirectInputEvents = YES;
				INFOPLIST_KEY_UILaunchStoryboardName = LaunchScreen;
				INFOPLIST_KEY_UIMainStoryboardFile = Main;
				INFOPLIST_KEY_UISupportedInterfaceOrientations_iPad = "UIInterfaceOrientationPortrait UIInterfaceOrientationPortraitUpsideDown UIInterfaceOrientationLandscapeLeft UIInterfaceOrientationLandscapeRight";
				INFOPLIST_KEY_UISupportedInterfaceOrientations_iPhone = "UIInterfaceOrientationPortrait UIInterfaceOrientationLandscapeLeft UIInterfaceOrientationLandscapeRight";
				LD_RUNPATH_SEARCH_PATHS = (
					"$(inherited)",
					"@executable_path/Frameworks",
				);
				MARKETING_VERSION = 1.0;
				PRODUCT_BUNDLE_IDENTIFIER = com.new.Demo.NewsApp;
				PRODUCT_NAME = "$(TARGET_NAME)";
				SWIFT_EMIT_LOC_STRINGS = YES;
				SWIFT_VERSION = 5.0;
				TARGETED_DEVICE_FAMILY = "1,2";
			};
			name = Debug;
		};
		8482A929297564E500D89265 /* Release */ = {
			isa = XCBuildConfiguration;
			baseConfigurationReference = 1FE4B4C8F02581DCDC3389FA /* Pods-NewsApp.release.xcconfig */;
			buildSettings = {
				ASSETCATALOG_COMPILER_APPICON_NAME = AppIcon;
				ASSETCATALOG_COMPILER_GLOBAL_ACCENT_COLOR_NAME = AccentColor;
				CODE_SIGN_STYLE = Automatic;
				CURRENT_PROJECT_VERSION = 1;
				GENERATE_INFOPLIST_FILE = YES;
				INFOPLIST_FILE = NewsApp/Info.plist;
				INFOPLIST_KEY_UIApplicationSupportsIndirectInputEvents = YES;
				INFOPLIST_KEY_UILaunchStoryboardName = LaunchScreen;
				INFOPLIST_KEY_UIMainStoryboardFile = Main;
				INFOPLIST_KEY_UISupportedInterfaceOrientations_iPad = "UIInterfaceOrientationPortrait UIInterfaceOrientationPortraitUpsideDown UIInterfaceOrientationLandscapeLeft UIInterfaceOrientationLandscapeRight";
				INFOPLIST_KEY_UISupportedInterfaceOrientations_iPhone = "UIInterfaceOrientationPortrait UIInterfaceOrientationLandscapeLeft UIInterfaceOrientationLandscapeRight";
				LD_RUNPATH_SEARCH_PATHS = (
					"$(inherited)",
					"@executable_path/Frameworks",
				);
				MARKETING_VERSION = 1.0;
				PRODUCT_BUNDLE_IDENTIFIER = com.new.Demo.NewsApp;
				PRODUCT_NAME = "$(TARGET_NAME)";
				SWIFT_EMIT_LOC_STRINGS = YES;
				SWIFT_VERSION = 5.0;
				TARGETED_DEVICE_FAMILY = "1,2";
			};
			name = Release;
		};
/* End XCBuildConfiguration section */

/* Begin XCConfigurationList section */
		8482A90B297564E300D89265 /* Build configuration list for PBXProject "NewsApp" */ = {
			isa = XCConfigurationList;
			buildConfigurations = (
				8482A925297564E500D89265 /* Debug */,
				8482A926297564E500D89265 /* Release */,
			);
			defaultConfigurationIsVisible = 0;
			defaultConfigurationName = Release;
		};
		8482A927297564E500D89265 /* Build configuration list for PBXNativeTarget "NewsApp" */ = {
			isa = XCConfigurationList;
			buildConfigurations = (
				8482A928297564E500D89265 /* Debug */,
				8482A929297564E500D89265 /* Release */,
			);
			defaultConfigurationIsVisible = 0;
			defaultConfigurationName = Release;
		};
/* End XCConfigurationList section */

/* Begin XCVersionGroup section */
		8482A91C297564E300D89265 /* NewsApp.xcdatamodeld */ = {
			isa = XCVersionGroup;
			children = (
				8482A91D297564E300D89265 /* NewsApp.xcdatamodel */,
			);
			currentVersion = 8482A91D297564E300D89265 /* NewsApp.xcdatamodel */;
			path = NewsApp.xcdatamodeld;
			sourceTree = "<group>";
			versionGroupType = wrapper.xcdatamodel;
		};
/* End XCVersionGroup section */
	};
	rootObject = 8482A908297564E300D89265 /* Project object */;
}
